
Microsoft Visual Studio Solution File, Format Version 12.00
Project("{FAE04EC0-301F-11D3-BF4B-00C04F79EFBC}") = "AdoNetDemo", "AdoNetDemo.csproj", "{CDF6DACA-3FCB-4AE0-AFD8-9F3BCCD49EA4}"
EndProject
Global
	GlobalSection(SolutionConfigurationPlatforms) = preSolution
		Debug|Any CPU = Debug|Any CPU
		Release|Any CPU = Release|Any CPU
	EndGlobalSection
	GlobalSection(ProjectConfigurationPlatforms) = postSolution
		{CDF6DACA-3FCB-4AE0-AFD8-9F3BCCD49EA4}.Debug|Any CPU.ActiveCfg = Debug|Any CPU
		{CDF6DACA-3FCB-4AE0-AFD8-9F3BCCD49EA4}.Debug|Any CPU.Build.0 = Debug|Any CPU
		{CDF6DACA-3FCB-4AE0-AFD8-9F3BCCD49EA4}.Release|Any CPU.ActiveCfg = Release|Any CPU
		{CDF6DACA-3FCB-4AE0-AFD8-9F3BCCD49EA4}.Release|Any CPU.Build.0 = Release|Any CPU
	EndGlobalSection
EndGlobal
